// !$*UTF8*$!
{
	archiveVersion = 1;
	classes = {
	};
	objectVersion = 55;
	objects = {

/* Begin PBXBuildFile section */
		060D04DD9AEE9708F108A30D /* Pods_FocusFoodie.framework in Frameworks */ = {isa = PBXBuildFile; fileRef = B10A2329D8AD6B769D677516 /* Pods_FocusFoodie.framework */; };
		09524F76271FF4A00061C36B /* AppDelegate.swift in Sources */ = {isa = PBXBuildFile; fileRef = 09524F75271FF4A00061C36B /* AppDelegate.swift */; };
		09524F78271FF4A00061C36B /* SceneDelegate.swift in Sources */ = {isa = PBXBuildFile; fileRef = 09524F77271FF4A00061C36B /* SceneDelegate.swift */; };
		09524F7A271FF4A00061C36B /* ViewController.swift in Sources */ = {isa = PBXBuildFile; fileRef = 09524F79271FF4A00061C36B /* ViewController.swift */; };
		09524F7D271FF4A00061C36B /* Main.storyboard in Resources */ = {isa = PBXBuildFile; fileRef = 09524F7B271FF4A00061C36B /* Main.storyboard */; };
		09524F7F271FF4A10061C36B /* Assets.xcassets in Resources */ = {isa = PBXBuildFile; fileRef = 09524F7E271FF4A10061C36B /* Assets.xcassets */; };
		09524F82271FF4A10061C36B /* LaunchScreen.storyboard in Resources */ = {isa = PBXBuildFile; fileRef = 09524F80271FF4A10061C36B /* LaunchScreen.storyboard */; };
		09524F90271FFA000061C36B /* UIStoryboard+Extension.swift in Sources */ = {isa = PBXBuildFile; fileRef = 09524F8F271FFA000061C36B /* UIStoryboard+Extension.swift */; };
		09524F94271FFCB00061C36B /* UIScreen+Extension.swift in Sources */ = {isa = PBXBuildFile; fileRef = 09524F93271FFCB00061C36B /* UIScreen+Extension.swift */; };
		09524F96271FFCC00061C36B /* UIView+Extension.swift in Sources */ = {isa = PBXBuildFile; fileRef = 09524F95271FFCC00061C36B /* UIView+Extension.swift */; };
		09524F98271FFCE70061C36B /* UITableView+Extension.swift in Sources */ = {isa = PBXBuildFile; fileRef = 09524F97271FFCE60061C36B /* UITableView+Extension.swift */; };
		09524F9C271FFD390061C36B /* UICollectionView+Extension.swift in Sources */ = {isa = PBXBuildFile; fileRef = 09524F9B271FFD390061C36B /* UICollectionView+Extension.swift */; };
		09524F9E271FFD910061C36B /* Timer.storyboard in Resources */ = {isa = PBXBuildFile; fileRef = 09524F9D271FFD910061C36B /* Timer.storyboard */; };
		09524FA0271FFD9C0061C36B /* Record.storyboard in Resources */ = {isa = PBXBuildFile; fileRef = 09524F9F271FFD9C0061C36B /* Record.storyboard */; };
		09524FA2271FFDA90061C36B /* Community.storyboard in Resources */ = {isa = PBXBuildFile; fileRef = 09524FA1271FFDA90061C36B /* Community.storyboard */; };
		09524FA4271FFE2D0061C36B /* TimerViewController.swift in Sources */ = {isa = PBXBuildFile; fileRef = 09524FA3271FFE2D0061C36B /* TimerViewController.swift */; };
		09524FA6271FFE620061C36B /* RecordViewController.swift in Sources */ = {isa = PBXBuildFile; fileRef = 09524FA5271FFE620061C36B /* RecordViewController.swift */; };
		09524FA8271FFEA70061C36B /* CommunityViewController.swift in Sources */ = {isa = PBXBuildFile; fileRef = 09524FA7271FFEA70061C36B /* CommunityViewController.swift */; };
		09524FAD271FFEF00061C36B /* BaseViewController.swift in Sources */ = {isa = PBXBuildFile; fileRef = 09524FAA271FFEF00061C36B /* BaseViewController.swift */; };
		09524FAE271FFEF00061C36B /* TabBarViewController.swift in Sources */ = {isa = PBXBuildFile; fileRef = 09524FAB271FFEF00061C36B /* TabBarViewController.swift */; };
		09524FAF271FFEF00061C36B /* BaseNavigationController.swift in Sources */ = {isa = PBXBuildFile; fileRef = 09524FAC271FFEF00061C36B /* BaseNavigationController.swift */; };
		09524FB1272003480061C36B /* UIImage+Extension.swift in Sources */ = {isa = PBXBuildFile; fileRef = 09524FB0272003480061C36B /* UIImage+Extension.swift */; };
		09524FD327201DA90061C36B /* ProfileView.xib in Resources */ = {isa = PBXBuildFile; fileRef = 09524FD227201DA90061C36B /* ProfileView.xib */; };
		09524FD62720213B0061C36B /* RecordTableViewCell.swift in Sources */ = {isa = PBXBuildFile; fileRef = 09524FD42720213B0061C36B /* RecordTableViewCell.swift */; };
		09524FDB272025E10061C36B /* ProfileView.swift in Sources */ = {isa = PBXBuildFile; fileRef = 09524FDA272025E10061C36B /* ProfileView.swift */; };
		09524FDD2720494A0061C36B /* Bundle+Extension.swift in Sources */ = {isa = PBXBuildFile; fileRef = 09524FDC2720494A0061C36B /* Bundle+Extension.swift */; };
		09524FE027214F990061C36B /* DetailViewController.swift in Sources */ = {isa = PBXBuildFile; fileRef = 09524FDF27214F990061C36B /* DetailViewController.swift */; };
		09524FE4272163B20061C36B /* Day.swift in Sources */ = {isa = PBXBuildFile; fileRef = 09524FE3272163B20061C36B /* Day.swift */; };
		09524FE6272164560061C36B /* CalendarPickerViewController.swift in Sources */ = {isa = PBXBuildFile; fileRef = 09524FE5272164560061C36B /* CalendarPickerViewController.swift */; };
		09524FEA272168E80061C36B /* DetailSelectionCell.swift in Sources */ = {isa = PBXBuildFile; fileRef = 09524FE8272168E80061C36B /* DetailSelectionCell.swift */; };
		09524FEB272168E80061C36B /* DetailSelectionCell.xib in Resources */ = {isa = PBXBuildFile; fileRef = 09524FE9272168E80061C36B /* DetailSelectionCell.xib */; };
		09524FF42721B2B80061C36B /* RecordTableViewCell.xib in Resources */ = {isa = PBXBuildFile; fileRef = 09524FF62721B2B80061C36B /* RecordTableViewCell.xib */; };
		09524FF82721B3DC0061C36B /* CategoryView.swift in Sources */ = {isa = PBXBuildFile; fileRef = 09524FF72721B3DC0061C36B /* CategoryView.swift */; };
		09524FFA2721B4140061C36B /* CategoryTagView.xib in Resources */ = {isa = PBXBuildFile; fileRef = 09524FF92721B4140061C36B /* CategoryTagView.xib */; };
		09C1C7CE2722833000D2C9B2 /* UIColor+Extension.swift in Sources */ = {isa = PBXBuildFile; fileRef = 09C1C7CD2722833000D2C9B2 /* UIColor+Extension.swift */; };
		09C1C7D12722903800D2C9B2 /* DetailNoteTableViewCell.swift in Sources */ = {isa = PBXBuildFile; fileRef = 09C1C7CF2722903800D2C9B2 /* DetailNoteTableViewCell.swift */; };
		09C1C7D22722903800D2C9B2 /* DetailNoteTableViewCell.xib in Resources */ = {isa = PBXBuildFile; fileRef = 09C1C7D02722903800D2C9B2 /* DetailNoteTableViewCell.xib */; };
		09C1C7D62722935800D2C9B2 /* DetailImageTableViewCell.swift in Sources */ = {isa = PBXBuildFile; fileRef = 09C1C7D42722935800D2C9B2 /* DetailImageTableViewCell.swift */; };
		09C1C7D72722935800D2C9B2 /* DetailImageTableViewCell.xib in Resources */ = {isa = PBXBuildFile; fileRef = 09C1C7D52722935800D2C9B2 /* DetailImageTableViewCell.xib */; };
		09C1C7D927229B9900D2C9B2 /* RecordContent.swift in Sources */ = {isa = PBXBuildFile; fileRef = 09C1C7D827229B9900D2C9B2 /* RecordContent.swift */; };
		09C1C7DB27229D3D00D2C9B2 /* RecordManager.swift in Sources */ = {isa = PBXBuildFile; fileRef = 09C1C7DA27229D3D00D2C9B2 /* RecordManager.swift */; };
		09C1C7DD2722AACB00D2C9B2 /* UIFont+Extension.swift in Sources */ = {isa = PBXBuildFile; fileRef = 09C1C7DC2722AACB00D2C9B2 /* UIFont+Extension.swift */; };
		09C1C80D2722B55900D2C9B2 /* RobotoMono-VariableFont_wght.ttf in Resources */ = {isa = PBXBuildFile; fileRef = 09C1C7FA2722B55900D2C9B2 /* RobotoMono-VariableFont_wght.ttf */; };
		09C1C80E2722B55900D2C9B2 /* RobotoMono-Italic-VariableFont_wght.ttf in Resources */ = {isa = PBXBuildFile; fileRef = 09C1C7FB2722B55900D2C9B2 /* RobotoMono-Italic-VariableFont_wght.ttf */; };
		09C1C80F2722B55900D2C9B2 /* RobotoMono-Medium.ttf in Resources */ = {isa = PBXBuildFile; fileRef = 09C1C7FD2722B55900D2C9B2 /* RobotoMono-Medium.ttf */; };
		09C1C8102722B55900D2C9B2 /* RobotoMono-SemiBold.ttf in Resources */ = {isa = PBXBuildFile; fileRef = 09C1C7FE2722B55900D2C9B2 /* RobotoMono-SemiBold.ttf */; };
		09C1C8112722B55900D2C9B2 /* RobotoMono-SemiBoldItalic.ttf in Resources */ = {isa = PBXBuildFile; fileRef = 09C1C7FF2722B55900D2C9B2 /* RobotoMono-SemiBoldItalic.ttf */; };
		09C1C8122722B55900D2C9B2 /* RobotoMono-Regular.ttf in Resources */ = {isa = PBXBuildFile; fileRef = 09C1C8002722B55900D2C9B2 /* RobotoMono-Regular.ttf */; };
		09C1C8132722B55900D2C9B2 /* RobotoMono-LightItalic.ttf in Resources */ = {isa = PBXBuildFile; fileRef = 09C1C8012722B55900D2C9B2 /* RobotoMono-LightItalic.ttf */; };
		09C1C8142722B55900D2C9B2 /* RobotoMono-BoldItalic.ttf in Resources */ = {isa = PBXBuildFile; fileRef = 09C1C8022722B55900D2C9B2 /* RobotoMono-BoldItalic.ttf */; };
		09C1C8152722B55900D2C9B2 /* RobotoMono-ExtraLight.ttf in Resources */ = {isa = PBXBuildFile; fileRef = 09C1C8032722B55900D2C9B2 /* RobotoMono-ExtraLight.ttf */; };
		09C1C8162722B55900D2C9B2 /* RobotoMono-ThinItalic.ttf in Resources */ = {isa = PBXBuildFile; fileRef = 09C1C8042722B55900D2C9B2 /* RobotoMono-ThinItalic.ttf */; };
		09C1C8172722B55900D2C9B2 /* RobotoMono-ExtraLightItalic.ttf in Resources */ = {isa = PBXBuildFile; fileRef = 09C1C8052722B55900D2C9B2 /* RobotoMono-ExtraLightItalic.ttf */; };
		09C1C8182722B55900D2C9B2 /* RobotoMono-Light.ttf in Resources */ = {isa = PBXBuildFile; fileRef = 09C1C8062722B55900D2C9B2 /* RobotoMono-Light.ttf */; };
		09C1C8192722B55900D2C9B2 /* RobotoMono-MediumItalic.ttf in Resources */ = {isa = PBXBuildFile; fileRef = 09C1C8072722B55900D2C9B2 /* RobotoMono-MediumItalic.ttf */; };
		09C1C81A2722B55900D2C9B2 /* RobotoMono-Bold.ttf in Resources */ = {isa = PBXBuildFile; fileRef = 09C1C8082722B55900D2C9B2 /* RobotoMono-Bold.ttf */; };
		09C1C81B2722B55900D2C9B2 /* RobotoMono-Italic.ttf in Resources */ = {isa = PBXBuildFile; fileRef = 09C1C8092722B55900D2C9B2 /* RobotoMono-Italic.ttf */; };
		09C1C81C2722B55900D2C9B2 /* RobotoMono-Thin.ttf in Resources */ = {isa = PBXBuildFile; fileRef = 09C1C80A2722B55900D2C9B2 /* RobotoMono-Thin.ttf */; };
		09C1C81D2722B55900D2C9B2 /* README.txt in Resources */ = {isa = PBXBuildFile; fileRef = 09C1C80B2722B55900D2C9B2 /* README.txt */; };
		09C1C81E2722B55900D2C9B2 /* LICENSE.txt in Resources */ = {isa = PBXBuildFile; fileRef = 09C1C80C2722B55900D2C9B2 /* LICENSE.txt */; };
		09C1C8202722BBE600D2C9B2 /* UILabel+Extension.swift in Sources */ = {isa = PBXBuildFile; fileRef = 09C1C81F2722BBE600D2C9B2 /* UILabel+Extension.swift */; };
		09C1C8242724024100D2C9B2 /* MonthMetaData.swift in Sources */ = {isa = PBXBuildFile; fileRef = 09C1C8232724024100D2C9B2 /* MonthMetaData.swift */; };
		09C1C829272409C600D2C9B2 /* CalendarDateCollectionViewCell.swift in Sources */ = {isa = PBXBuildFile; fileRef = 09C1C828272409C600D2C9B2 /* CalendarDateCollectionViewCell.swift */; };
		09C1C82B27240BC700D2C9B2 /* CalendarPickerFooterView.swift in Sources */ = {isa = PBXBuildFile; fileRef = 09C1C82A27240BC700D2C9B2 /* CalendarPickerFooterView.swift */; };
		09C1C82D27240BFB00D2C9B2 /* CalendarPickerHeaderView.swift in Sources */ = {isa = PBXBuildFile; fileRef = 09C1C82C27240BFB00D2C9B2 /* CalendarPickerHeaderView.swift */; };
		09C1C830272447D600D2C9B2 /* CollectionViewCell.swift in Sources */ = {isa = PBXBuildFile; fileRef = 09C1C82E272447D600D2C9B2 /* CollectionViewCell.swift */; };
		09C1C831272447D600D2C9B2 /* CollectionViewCell.xib in Resources */ = {isa = PBXBuildFile; fileRef = 09C1C82F272447D600D2C9B2 /* CollectionViewCell.xib */; };
/* End PBXBuildFile section */

/* Begin PBXFileReference section */
		09524F72271FF4A00061C36B /* FocusFoodie.app */ = {isa = PBXFileReference; explicitFileType = wrapper.application; includeInIndex = 0; path = FocusFoodie.app; sourceTree = BUILT_PRODUCTS_DIR; };
		09524F75271FF4A00061C36B /* AppDelegate.swift */ = {isa = PBXFileReference; lastKnownFileType = sourcecode.swift; path = AppDelegate.swift; sourceTree = "<group>"; };
		09524F77271FF4A00061C36B /* SceneDelegate.swift */ = {isa = PBXFileReference; lastKnownFileType = sourcecode.swift; path = SceneDelegate.swift; sourceTree = "<group>"; };
		09524F79271FF4A00061C36B /* ViewController.swift */ = {isa = PBXFileReference; lastKnownFileType = sourcecode.swift; path = ViewController.swift; sourceTree = "<group>"; };
		09524F7C271FF4A00061C36B /* Base */ = {isa = PBXFileReference; lastKnownFileType = file.storyboard; name = Base; path = Base.lproj/Main.storyboard; sourceTree = "<group>"; };
		09524F7E271FF4A10061C36B /* Assets.xcassets */ = {isa = PBXFileReference; lastKnownFileType = folder.assetcatalog; path = Assets.xcassets; sourceTree = "<group>"; };
		09524F81271FF4A10061C36B /* Base */ = {isa = PBXFileReference; lastKnownFileType = file.storyboard; name = Base; path = Base.lproj/LaunchScreen.storyboard; sourceTree = "<group>"; };
		09524F83271FF4A10061C36B /* Info.plist */ = {isa = PBXFileReference; lastKnownFileType = text.plist.xml; path = Info.plist; sourceTree = "<group>"; };
		09524F8F271FFA000061C36B /* UIStoryboard+Extension.swift */ = {isa = PBXFileReference; fileEncoding = 4; lastKnownFileType = sourcecode.swift; path = "UIStoryboard+Extension.swift"; sourceTree = "<group>"; };
		09524F93271FFCB00061C36B /* UIScreen+Extension.swift */ = {isa = PBXFileReference; fileEncoding = 4; lastKnownFileType = sourcecode.swift; path = "UIScreen+Extension.swift"; sourceTree = "<group>"; };
		09524F95271FFCC00061C36B /* UIView+Extension.swift */ = {isa = PBXFileReference; fileEncoding = 4; lastKnownFileType = sourcecode.swift; path = "UIView+Extension.swift"; sourceTree = "<group>"; };
		09524F97271FFCE60061C36B /* UITableView+Extension.swift */ = {isa = PBXFileReference; fileEncoding = 4; lastKnownFileType = sourcecode.swift; path = "UITableView+Extension.swift"; sourceTree = "<group>"; };
		09524F9B271FFD390061C36B /* UICollectionView+Extension.swift */ = {isa = PBXFileReference; fileEncoding = 4; lastKnownFileType = sourcecode.swift; path = "UICollectionView+Extension.swift"; sourceTree = "<group>"; };
		09524F9D271FFD910061C36B /* Timer.storyboard */ = {isa = PBXFileReference; lastKnownFileType = file.storyboard; path = Timer.storyboard; sourceTree = "<group>"; };
		09524F9F271FFD9C0061C36B /* Record.storyboard */ = {isa = PBXFileReference; lastKnownFileType = file.storyboard; path = Record.storyboard; sourceTree = "<group>"; };
		09524FA1271FFDA90061C36B /* Community.storyboard */ = {isa = PBXFileReference; lastKnownFileType = file.storyboard; path = Community.storyboard; sourceTree = "<group>"; };
		09524FA3271FFE2D0061C36B /* TimerViewController.swift */ = {isa = PBXFileReference; lastKnownFileType = sourcecode.swift; path = TimerViewController.swift; sourceTree = "<group>"; };
		09524FA5271FFE620061C36B /* RecordViewController.swift */ = {isa = PBXFileReference; lastKnownFileType = sourcecode.swift; path = RecordViewController.swift; sourceTree = "<group>"; };
		09524FA7271FFEA70061C36B /* CommunityViewController.swift */ = {isa = PBXFileReference; lastKnownFileType = sourcecode.swift; path = CommunityViewController.swift; sourceTree = "<group>"; };
		09524FAA271FFEF00061C36B /* BaseViewController.swift */ = {isa = PBXFileReference; fileEncoding = 4; lastKnownFileType = sourcecode.swift; path = BaseViewController.swift; sourceTree = "<group>"; };
		09524FAB271FFEF00061C36B /* TabBarViewController.swift */ = {isa = PBXFileReference; fileEncoding = 4; lastKnownFileType = sourcecode.swift; path = TabBarViewController.swift; sourceTree = "<group>"; };
		09524FAC271FFEF00061C36B /* BaseNavigationController.swift */ = {isa = PBXFileReference; fileEncoding = 4; lastKnownFileType = sourcecode.swift; path = BaseNavigationController.swift; sourceTree = "<group>"; };
		09524FB0272003480061C36B /* UIImage+Extension.swift */ = {isa = PBXFileReference; fileEncoding = 4; lastKnownFileType = sourcecode.swift; path = "UIImage+Extension.swift"; sourceTree = "<group>"; };
		09524FD227201DA90061C36B /* ProfileView.xib */ = {isa = PBXFileReference; lastKnownFileType = file.xib; path = ProfileView.xib; sourceTree = "<group>"; };
		09524FD42720213B0061C36B /* RecordTableViewCell.swift */ = {isa = PBXFileReference; lastKnownFileType = sourcecode.swift; path = RecordTableViewCell.swift; sourceTree = "<group>"; };
		09524FDA272025E10061C36B /* ProfileView.swift */ = {isa = PBXFileReference; lastKnownFileType = sourcecode.swift; path = ProfileView.swift; sourceTree = "<group>"; };
		09524FDC2720494A0061C36B /* Bundle+Extension.swift */ = {isa = PBXFileReference; fileEncoding = 4; lastKnownFileType = sourcecode.swift; path = "Bundle+Extension.swift"; sourceTree = "<group>"; };
		09524FDF27214F990061C36B /* DetailViewController.swift */ = {isa = PBXFileReference; lastKnownFileType = sourcecode.swift; path = DetailViewController.swift; sourceTree = "<group>"; };
		09524FE3272163B20061C36B /* Day.swift */ = {isa = PBXFileReference; lastKnownFileType = sourcecode.swift; path = Day.swift; sourceTree = "<group>"; };
		09524FE5272164560061C36B /* CalendarPickerViewController.swift */ = {isa = PBXFileReference; lastKnownFileType = sourcecode.swift; path = CalendarPickerViewController.swift; sourceTree = "<group>"; };
		09524FE8272168E80061C36B /* DetailSelectionCell.swift */ = {isa = PBXFileReference; lastKnownFileType = sourcecode.swift; path = DetailSelectionCell.swift; sourceTree = "<group>"; };
		09524FE9272168E80061C36B /* DetailSelectionCell.xib */ = {isa = PBXFileReference; lastKnownFileType = file.xib; path = DetailSelectionCell.xib; sourceTree = "<group>"; };
		09524FF52721B2B80061C36B /* Base */ = {isa = PBXFileReference; lastKnownFileType = file.xib; name = Base; path = Base.lproj/RecordTableViewCell.xib; sourceTree = "<group>"; };
		09524FF72721B3DC0061C36B /* CategoryView.swift */ = {isa = PBXFileReference; lastKnownFileType = sourcecode.swift; path = CategoryView.swift; sourceTree = "<group>"; };
		09524FF92721B4140061C36B /* CategoryTagView.xib */ = {isa = PBXFileReference; lastKnownFileType = file.xib; path = CategoryTagView.xib; sourceTree = "<group>"; };
		09C1C7CD2722833000D2C9B2 /* UIColor+Extension.swift */ = {isa = PBXFileReference; lastKnownFileType = sourcecode.swift; path = "UIColor+Extension.swift"; sourceTree = "<group>"; };
		09C1C7CF2722903800D2C9B2 /* DetailNoteTableViewCell.swift */ = {isa = PBXFileReference; lastKnownFileType = sourcecode.swift; path = DetailNoteTableViewCell.swift; sourceTree = "<group>"; };
		09C1C7D02722903800D2C9B2 /* DetailNoteTableViewCell.xib */ = {isa = PBXFileReference; lastKnownFileType = file.xib; path = DetailNoteTableViewCell.xib; sourceTree = "<group>"; };
		09C1C7D42722935800D2C9B2 /* DetailImageTableViewCell.swift */ = {isa = PBXFileReference; lastKnownFileType = sourcecode.swift; path = DetailImageTableViewCell.swift; sourceTree = "<group>"; };
		09C1C7D52722935800D2C9B2 /* DetailImageTableViewCell.xib */ = {isa = PBXFileReference; lastKnownFileType = file.xib; path = DetailImageTableViewCell.xib; sourceTree = "<group>"; };
		09C1C7D827229B9900D2C9B2 /* RecordContent.swift */ = {isa = PBXFileReference; lastKnownFileType = sourcecode.swift; path = RecordContent.swift; sourceTree = "<group>"; };
		09C1C7DA27229D3D00D2C9B2 /* RecordManager.swift */ = {isa = PBXFileReference; lastKnownFileType = sourcecode.swift; path = RecordManager.swift; sourceTree = "<group>"; };
		09C1C7DC2722AACB00D2C9B2 /* UIFont+Extension.swift */ = {isa = PBXFileReference; lastKnownFileType = sourcecode.swift; path = "UIFont+Extension.swift"; sourceTree = "<group>"; };
		09C1C7FA2722B55900D2C9B2 /* RobotoMono-VariableFont_wght.ttf */ = {isa = PBXFileReference; lastKnownFileType = file; path = "RobotoMono-VariableFont_wght.ttf"; sourceTree = "<group>"; };
		09C1C7FB2722B55900D2C9B2 /* RobotoMono-Italic-VariableFont_wght.ttf */ = {isa = PBXFileReference; lastKnownFileType = file; path = "RobotoMono-Italic-VariableFont_wght.ttf"; sourceTree = "<group>"; };
		09C1C7FD2722B55900D2C9B2 /* RobotoMono-Medium.ttf */ = {isa = PBXFileReference; lastKnownFileType = file; path = "RobotoMono-Medium.ttf"; sourceTree = "<group>"; };
		09C1C7FE2722B55900D2C9B2 /* RobotoMono-SemiBold.ttf */ = {isa = PBXFileReference; lastKnownFileType = file; path = "RobotoMono-SemiBold.ttf"; sourceTree = "<group>"; };
		09C1C7FF2722B55900D2C9B2 /* RobotoMono-SemiBoldItalic.ttf */ = {isa = PBXFileReference; lastKnownFileType = file; path = "RobotoMono-SemiBoldItalic.ttf"; sourceTree = "<group>"; };
		09C1C8002722B55900D2C9B2 /* RobotoMono-Regular.ttf */ = {isa = PBXFileReference; lastKnownFileType = file; path = "RobotoMono-Regular.ttf"; sourceTree = "<group>"; };
		09C1C8012722B55900D2C9B2 /* RobotoMono-LightItalic.ttf */ = {isa = PBXFileReference; lastKnownFileType = file; path = "RobotoMono-LightItalic.ttf"; sourceTree = "<group>"; };
		09C1C8022722B55900D2C9B2 /* RobotoMono-BoldItalic.ttf */ = {isa = PBXFileReference; lastKnownFileType = file; path = "RobotoMono-BoldItalic.ttf"; sourceTree = "<group>"; };
		09C1C8032722B55900D2C9B2 /* RobotoMono-ExtraLight.ttf */ = {isa = PBXFileReference; lastKnownFileType = file; path = "RobotoMono-ExtraLight.ttf"; sourceTree = "<group>"; };
		09C1C8042722B55900D2C9B2 /* RobotoMono-ThinItalic.ttf */ = {isa = PBXFileReference; lastKnownFileType = file; path = "RobotoMono-ThinItalic.ttf"; sourceTree = "<group>"; };
		09C1C8052722B55900D2C9B2 /* RobotoMono-ExtraLightItalic.ttf */ = {isa = PBXFileReference; lastKnownFileType = file; path = "RobotoMono-ExtraLightItalic.ttf"; sourceTree = "<group>"; };
		09C1C8062722B55900D2C9B2 /* RobotoMono-Light.ttf */ = {isa = PBXFileReference; lastKnownFileType = file; path = "RobotoMono-Light.ttf"; sourceTree = "<group>"; };
		09C1C8072722B55900D2C9B2 /* RobotoMono-MediumItalic.ttf */ = {isa = PBXFileReference; lastKnownFileType = file; path = "RobotoMono-MediumItalic.ttf"; sourceTree = "<group>"; };
		09C1C8082722B55900D2C9B2 /* RobotoMono-Bold.ttf */ = {isa = PBXFileReference; lastKnownFileType = file; path = "RobotoMono-Bold.ttf"; sourceTree = "<group>"; };
		09C1C8092722B55900D2C9B2 /* RobotoMono-Italic.ttf */ = {isa = PBXFileReference; lastKnownFileType = file; path = "RobotoMono-Italic.ttf"; sourceTree = "<group>"; };
		09C1C80A2722B55900D2C9B2 /* RobotoMono-Thin.ttf */ = {isa = PBXFileReference; lastKnownFileType = file; path = "RobotoMono-Thin.ttf"; sourceTree = "<group>"; };
		09C1C80B2722B55900D2C9B2 /* README.txt */ = {isa = PBXFileReference; fileEncoding = 4; lastKnownFileType = text; path = README.txt; sourceTree = "<group>"; };
		09C1C80C2722B55900D2C9B2 /* LICENSE.txt */ = {isa = PBXFileReference; fileEncoding = 4; lastKnownFileType = text; path = LICENSE.txt; sourceTree = "<group>"; };
		09C1C81F2722BBE600D2C9B2 /* UILabel+Extension.swift */ = {isa = PBXFileReference; lastKnownFileType = sourcecode.swift; path = "UILabel+Extension.swift"; sourceTree = "<group>"; };
		09C1C8232724024100D2C9B2 /* MonthMetaData.swift */ = {isa = PBXFileReference; lastKnownFileType = sourcecode.swift; path = MonthMetaData.swift; sourceTree = "<group>"; };
		09C1C828272409C600D2C9B2 /* CalendarDateCollectionViewCell.swift */ = {isa = PBXFileReference; lastKnownFileType = sourcecode.swift; path = CalendarDateCollectionViewCell.swift; sourceTree = "<group>"; };
		09C1C82A27240BC700D2C9B2 /* CalendarPickerFooterView.swift */ = {isa = PBXFileReference; lastKnownFileType = sourcecode.swift; name = CalendarPickerFooterView.swift; path = FocusFoodie/View/Record/Detail/Calendar/CalendarPickerFooterView.swift; sourceTree = SOURCE_ROOT; };
		09C1C82C27240BFB00D2C9B2 /* CalendarPickerHeaderView.swift */ = {isa = PBXFileReference; lastKnownFileType = sourcecode.swift; path = CalendarPickerHeaderView.swift; sourceTree = "<group>"; };
		09C1C82E272447D600D2C9B2 /* CollectionViewCell.swift */ = {isa = PBXFileReference; lastKnownFileType = sourcecode.swift; path = CollectionViewCell.swift; sourceTree = "<group>"; };
		09C1C82F272447D600D2C9B2 /* CollectionViewCell.xib */ = {isa = PBXFileReference; lastKnownFileType = file.xib; path = CollectionViewCell.xib; sourceTree = "<group>"; };
		290B1C7432FC0558604112FB /* Pods-FocusFoodie.debug.xcconfig */ = {isa = PBXFileReference; includeInIndex = 1; lastKnownFileType = text.xcconfig; name = "Pods-FocusFoodie.debug.xcconfig"; path = "Target Support Files/Pods-FocusFoodie/Pods-FocusFoodie.debug.xcconfig"; sourceTree = "<group>"; };
		393F58596B0720378D428E8F /* Pods-FocusFoodie.release.xcconfig */ = {isa = PBXFileReference; includeInIndex = 1; lastKnownFileType = text.xcconfig; name = "Pods-FocusFoodie.release.xcconfig"; path = "Target Support Files/Pods-FocusFoodie/Pods-FocusFoodie.release.xcconfig"; sourceTree = "<group>"; };
		B10A2329D8AD6B769D677516 /* Pods_FocusFoodie.framework */ = {isa = PBXFileReference; explicitFileType = wrapper.framework; includeInIndex = 0; path = Pods_FocusFoodie.framework; sourceTree = BUILT_PRODUCTS_DIR; };
/* End PBXFileReference section */

/* Begin PBXFrameworksBuildPhase section */
		09524F6F271FF4A00061C36B /* Frameworks */ = {
			isa = PBXFrameworksBuildPhase;
			buildActionMask = 2147483647;
			files = (
				060D04DD9AEE9708F108A30D /* Pods_FocusFoodie.framework in Frameworks */,
			);
			runOnlyForDeploymentPostprocessing = 0;
		};
/* End PBXFrameworksBuildPhase section */

/* Begin PBXGroup section */
		09524F69271FF4A00061C36B = {
			isa = PBXGroup;
			children = (
				09524F74271FF4A00061C36B /* FocusFoodie */,
				09524F73271FF4A00061C36B /* Products */,
				1493E2A44FC9F6CAADF931E3 /* Pods */,
				5CE05856FD5DF560752D47CF /* Frameworks */,
			);
			sourceTree = "<group>";
		};
		09524F73271FF4A00061C36B /* Products */ = {
			isa = PBXGroup;
			children = (
				09524F72271FF4A00061C36B /* FocusFoodie.app */,
			);
			name = Products;
			sourceTree = "<group>";
		};
		09524F74271FF4A00061C36B /* FocusFoodie */ = {
			isa = PBXGroup;
			children = (
				09524F8C271FF92E0061C36B /* View */,
				09524F8E271FF95A0061C36B /* Model */,
				09524F8D271FF9490061C36B /* Controller */,
				09524F8B271FF9090061C36B /* Resource */,
				09524F8A271FF8F00061C36B /* Extension */,
				09524F75271FF4A00061C36B /* AppDelegate.swift */,
				09524F77271FF4A00061C36B /* SceneDelegate.swift */,
				09524F83271FF4A10061C36B /* Info.plist */,
			);
			path = FocusFoodie;
			sourceTree = "<group>";
		};
		09524F8A271FF8F00061C36B /* Extension */ = {
			isa = PBXGroup;
			children = (
				09524FDC2720494A0061C36B /* Bundle+Extension.swift */,
				09C1C7DC2722AACB00D2C9B2 /* UIFont+Extension.swift */,
				09524F95271FFCC00061C36B /* UIView+Extension.swift */,
				09C1C7CD2722833000D2C9B2 /* UIColor+Extension.swift */,
				09C1C81F2722BBE600D2C9B2 /* UILabel+Extension.swift */,
				09524FB0272003480061C36B /* UIImage+Extension.swift */,
				09524F93271FFCB00061C36B /* UIScreen+Extension.swift */,
				09524F97271FFCE60061C36B /* UITableView+Extension.swift */,
				09524F8F271FFA000061C36B /* UIStoryboard+Extension.swift */,
				09524F9B271FFD390061C36B /* UICollectionView+Extension.swift */,
			);
			path = Extension;
			sourceTree = "<group>";
		};
		09524F8B271FF9090061C36B /* Resource */ = {
			isa = PBXGroup;
			children = (
				09524F7E271FF4A10061C36B /* Assets.xcassets */,
				09C1C7F92722B55900D2C9B2 /* Roboto_Mono */,
			);
			path = Resource;
			sourceTree = "<group>";
		};
		09524F8C271FF92E0061C36B /* View */ = {
			isa = PBXGroup;
			children = (
				09524F7B271FF4A00061C36B /* Main.storyboard */,
				09524F9D271FFD910061C36B /* Timer.storyboard */,
				09524FEE272169350061C36B /* Base */,
				09524FDE272050FF0061C36B /* Record */,
				09524FA1271FFDA90061C36B /* Community.storyboard */,
				09524F80271FF4A10061C36B /* LaunchScreen.storyboard */,
			);
			path = View;
			sourceTree = "<group>";
		};
		09524F8D271FF9490061C36B /* Controller */ = {
			isa = PBXGroup;
			children = (
				09524FE7272164630061C36B /* Record */,
				09524F79271FF4A00061C36B /* ViewController.swift */,
				09524FA3271FFE2D0061C36B /* TimerViewController.swift */,
				09524FA7271FFEA70061C36B /* CommunityViewController.swift */,
				09524FA9271FFEF00061C36B /* Base */,
			);
			path = Controller;
			sourceTree = "<group>";
		};
		09524F8E271FF95A0061C36B /* Model */ = {
			isa = PBXGroup;
			children = (
				09C1C7D827229B9900D2C9B2 /* RecordContent.swift */,
				09C1C7DA27229D3D00D2C9B2 /* RecordManager.swift */,
				09524FE3272163B20061C36B /* Day.swift */,
				09C1C8232724024100D2C9B2 /* MonthMetaData.swift */,
			);
			path = Model;
			sourceTree = "<group>";
		};
		09524FA9271FFEF00061C36B /* Base */ = {
			isa = PBXGroup;
			children = (
				09524FAA271FFEF00061C36B /* BaseViewController.swift */,
				09524FAB271FFEF00061C36B /* TabBarViewController.swift */,
				09524FAC271FFEF00061C36B /* BaseNavigationController.swift */,
			);
			path = Base;
			sourceTree = "<group>";
		};
		09524FDE272050FF0061C36B /* Record */ = {
			isa = PBXGroup;
			children = (
				09524F9F271FFD9C0061C36B /* Record.storyboard */,
				09524FDA272025E10061C36B /* ProfileView.swift */,
				09524FD227201DA90061C36B /* ProfileView.xib */,
				09524FF62721B2B80061C36B /* RecordTableViewCell.xib */,
				09524FD42720213B0061C36B /* RecordTableViewCell.swift */,
				09C1C7D32722929100D2C9B2 /* Detail */,
			);
			path = Record;
			sourceTree = "<group>";
		};
		09524FE7272164630061C36B /* Record */ = {
			isa = PBXGroup;
			children = (
				09524FDF27214F990061C36B /* DetailViewController.swift */,
				09524FA5271FFE620061C36B /* RecordViewController.swift */,
				09524FE5272164560061C36B /* CalendarPickerViewController.swift */,
			);
			path = Record;
			sourceTree = "<group>";
		};
		09524FEE272169350061C36B /* Base */ = {
			isa = PBXGroup;
			children = (
				09524FF72721B3DC0061C36B /* CategoryView.swift */,
				09524FF92721B4140061C36B /* CategoryTagView.xib */,
			);
			path = Base;
			sourceTree = "<group>";
		};
		09C1C7D32722929100D2C9B2 /* Detail */ = {
			isa = PBXGroup;
			children = (
				09524FE8272168E80061C36B /* DetailSelectionCell.swift */,
				09524FE9272168E80061C36B /* DetailSelectionCell.xib */,
				09C1C7CF2722903800D2C9B2 /* DetailNoteTableViewCell.swift */,
				09C1C7D02722903800D2C9B2 /* DetailNoteTableViewCell.xib */,
				09C1C7D42722935800D2C9B2 /* DetailImageTableViewCell.swift */,
				09C1C7D52722935800D2C9B2 /* DetailImageTableViewCell.xib */,
				09C1C82E272447D600D2C9B2 /* CollectionViewCell.swift */,
				09C1C82F272447D600D2C9B2 /* CollectionViewCell.xib */,
				09C1C8272724062C00D2C9B2 /* Calendar */,
			);
			path = Detail;
			sourceTree = "<group>";
		};
		09C1C7F92722B55900D2C9B2 /* Roboto_Mono */ = {
			isa = PBXGroup;
			children = (
				09C1C7FA2722B55900D2C9B2 /* RobotoMono-VariableFont_wght.ttf */,
				09C1C7FB2722B55900D2C9B2 /* RobotoMono-Italic-VariableFont_wght.ttf */,
				09C1C7FC2722B55900D2C9B2 /* static */,
				09C1C80B2722B55900D2C9B2 /* README.txt */,
				09C1C80C2722B55900D2C9B2 /* LICENSE.txt */,
			);
			path = Roboto_Mono;
			sourceTree = "<group>";
		};
		09C1C7FC2722B55900D2C9B2 /* static */ = {
			isa = PBXGroup;
			children = (
				09C1C7FD2722B55900D2C9B2 /* RobotoMono-Medium.ttf */,
				09C1C7FE2722B55900D2C9B2 /* RobotoMono-SemiBold.ttf */,
				09C1C7FF2722B55900D2C9B2 /* RobotoMono-SemiBoldItalic.ttf */,
				09C1C8002722B55900D2C9B2 /* RobotoMono-Regular.ttf */,
				09C1C8012722B55900D2C9B2 /* RobotoMono-LightItalic.ttf */,
				09C1C8022722B55900D2C9B2 /* RobotoMono-BoldItalic.ttf */,
				09C1C8032722B55900D2C9B2 /* RobotoMono-ExtraLight.ttf */,
				09C1C8042722B55900D2C9B2 /* RobotoMono-ThinItalic.ttf */,
				09C1C8052722B55900D2C9B2 /* RobotoMono-ExtraLightItalic.ttf */,
				09C1C8062722B55900D2C9B2 /* RobotoMono-Light.ttf */,
				09C1C8072722B55900D2C9B2 /* RobotoMono-MediumItalic.ttf */,
				09C1C8082722B55900D2C9B2 /* RobotoMono-Bold.ttf */,
				09C1C8092722B55900D2C9B2 /* RobotoMono-Italic.ttf */,
				09C1C80A2722B55900D2C9B2 /* RobotoMono-Thin.ttf */,
			);
			path = static;
			sourceTree = "<group>";
		};
		09C1C8272724062C00D2C9B2 /* Calendar */ = {
			isa = PBXGroup;
			children = (
				09C1C82A27240BC700D2C9B2 /* CalendarPickerFooterView.swift */,
				09C1C82C27240BFB00D2C9B2 /* CalendarPickerHeaderView.swift */,
				09C1C828272409C600D2C9B2 /* CalendarDateCollectionViewCell.swift */,
			);
			path = Calendar;
			sourceTree = "<group>";
		};
		1493E2A44FC9F6CAADF931E3 /* Pods */ = {
			isa = PBXGroup;
			children = (
				290B1C7432FC0558604112FB /* Pods-FocusFoodie.debug.xcconfig */,
				393F58596B0720378D428E8F /* Pods-FocusFoodie.release.xcconfig */,
			);
			path = Pods;
			sourceTree = "<group>";
		};
		5CE05856FD5DF560752D47CF /* Frameworks */ = {
			isa = PBXGroup;
			children = (
				B10A2329D8AD6B769D677516 /* Pods_FocusFoodie.framework */,
			);
			name = Frameworks;
			sourceTree = "<group>";
		};
/* End PBXGroup section */

/* Begin PBXNativeTarget section */
		09524F71271FF4A00061C36B /* FocusFoodie */ = {
			isa = PBXNativeTarget;
			buildConfigurationList = 09524F86271FF4A10061C36B /* Build configuration list for PBXNativeTarget "FocusFoodie" */;
			buildPhases = (
				CCCFCA2ABB8F951F84F49049 /* [CP] Check Pods Manifest.lock */,
				09524F6E271FF4A00061C36B /* Sources */,
				09524F6F271FF4A00061C36B /* Frameworks */,
				09524F70271FF4A00061C36B /* Resources */,
				09524F89271FF63C0061C36B /* SwiftLint */,
				955B7E717273C67995E6C3B5 /* [CP] Embed Pods Frameworks */,
			);
			buildRules = (
			);
			dependencies = (
			);
			name = FocusFoodie;
			productName = FocusFoodie;
			productReference = 09524F72271FF4A00061C36B /* FocusFoodie.app */;
			productType = "com.apple.product-type.application";
		};
/* End PBXNativeTarget section */

/* Begin PBXProject section */
		09524F6A271FF4A00061C36B /* Project object */ = {
			isa = PBXProject;
			attributes = {
				BuildIndependentTargetsInParallel = 1;
				LastSwiftUpdateCheck = 1300;
				LastUpgradeCheck = 1300;
				TargetAttributes = {
					09524F71271FF4A00061C36B = {
						CreatedOnToolsVersion = 13.0;
					};
				};
			};
			buildConfigurationList = 09524F6D271FF4A00061C36B /* Build configuration list for PBXProject "FocusFoodie" */;
			compatibilityVersion = "Xcode 13.0";
			developmentRegion = en;
			hasScannedForEncodings = 0;
			knownRegions = (
				en,
				Base,
			);
			mainGroup = 09524F69271FF4A00061C36B;
			productRefGroup = 09524F73271FF4A00061C36B /* Products */;
			projectDirPath = "";
			projectRoot = "";
			targets = (
				09524F71271FF4A00061C36B /* FocusFoodie */,
			);
		};
/* End PBXProject section */

/* Begin PBXResourcesBuildPhase section */
		09524F70271FF4A00061C36B /* Resources */ = {
			isa = PBXResourcesBuildPhase;
			buildActionMask = 2147483647;
			files = (
				09C1C8192722B55900D2C9B2 /* RobotoMono-MediumItalic.ttf in Resources */,
				09C1C8182722B55900D2C9B2 /* RobotoMono-Light.ttf in Resources */,
				09C1C8122722B55900D2C9B2 /* RobotoMono-Regular.ttf in Resources */,
				09524FA2271FFDA90061C36B /* Community.storyboard in Resources */,
				09C1C81E2722B55900D2C9B2 /* LICENSE.txt in Resources */,
				09524F82271FF4A10061C36B /* LaunchScreen.storyboard in Resources */,
				09524FF42721B2B80061C36B /* RecordTableViewCell.xib in Resources */,
				09C1C8102722B55900D2C9B2 /* RobotoMono-SemiBold.ttf in Resources */,
				09C1C80F2722B55900D2C9B2 /* RobotoMono-Medium.ttf in Resources */,
				09524FD327201DA90061C36B /* ProfileView.xib in Resources */,
				09C1C81A2722B55900D2C9B2 /* RobotoMono-Bold.ttf in Resources */,
				09524F7F271FF4A10061C36B /* Assets.xcassets in Resources */,
				09524F9E271FFD910061C36B /* Timer.storyboard in Resources */,
				09524F7D271FF4A00061C36B /* Main.storyboard in Resources */,
				09C1C7D22722903800D2C9B2 /* DetailNoteTableViewCell.xib in Resources */,
				09C1C8152722B55900D2C9B2 /* RobotoMono-ExtraLight.ttf in Resources */,
				09C1C8112722B55900D2C9B2 /* RobotoMono-SemiBoldItalic.ttf in Resources */,
				09C1C8162722B55900D2C9B2 /* RobotoMono-ThinItalic.ttf in Resources */,
				09524FA0271FFD9C0061C36B /* Record.storyboard in Resources */,
				09524FEB272168E80061C36B /* DetailSelectionCell.xib in Resources */,
				09C1C80E2722B55900D2C9B2 /* RobotoMono-Italic-VariableFont_wght.ttf in Resources */,
				09C1C8142722B55900D2C9B2 /* RobotoMono-BoldItalic.ttf in Resources */,
				09C1C831272447D600D2C9B2 /* CollectionViewCell.xib in Resources */,
				09C1C8172722B55900D2C9B2 /* RobotoMono-ExtraLightItalic.ttf in Resources */,
				09C1C81C2722B55900D2C9B2 /* RobotoMono-Thin.ttf in Resources */,
				09C1C81B2722B55900D2C9B2 /* RobotoMono-Italic.ttf in Resources */,
				09C1C80D2722B55900D2C9B2 /* RobotoMono-VariableFont_wght.ttf in Resources */,
				09C1C7D72722935800D2C9B2 /* DetailImageTableViewCell.xib in Resources */,
				09524FFA2721B4140061C36B /* CategoryTagView.xib in Resources */,
				09C1C81D2722B55900D2C9B2 /* README.txt in Resources */,
				09C1C8132722B55900D2C9B2 /* RobotoMono-LightItalic.ttf in Resources */,
			);
			runOnlyForDeploymentPostprocessing = 0;
		};
/* End PBXResourcesBuildPhase section */

/* Begin PBXShellScriptBuildPhase section */
		09524F89271FF63C0061C36B /* SwiftLint */ = {
			isa = PBXShellScriptBuildPhase;
			buildActionMask = 2147483647;
			files = (
			);
			inputFileListPaths = (
			);
			inputPaths = (
			);
			name = SwiftLint;
			outputFileListPaths = (
			);
			outputPaths = (
			);
			runOnlyForDeploymentPostprocessing = 0;
			shellPath = /bin/sh;
			shellScript = "if test -d \"/opt/homebrew/bin/\"; then\n  PATH=\"/opt/homebrew/bin/:${PATH}\"\nfi\n\nexport PATH\n\nif which swiftlint >/dev/null; then\n  swiftlint\nelse\n  echo \"warning: SwiftLint not installed, download from https://github.com/realm/SwiftLint\"\nfi\n";
		};
		955B7E717273C67995E6C3B5 /* [CP] Embed Pods Frameworks */ = {
			isa = PBXShellScriptBuildPhase;
			buildActionMask = 2147483647;
			files = (
			);
			inputFileListPaths = (
				"${PODS_ROOT}/Target Support Files/Pods-FocusFoodie/Pods-FocusFoodie-frameworks-${CONFIGURATION}-input-files.xcfilelist",
			);
			name = "[CP] Embed Pods Frameworks";
			outputFileListPaths = (
				"${PODS_ROOT}/Target Support Files/Pods-FocusFoodie/Pods-FocusFoodie-frameworks-${CONFIGURATION}-output-files.xcfilelist",
			);
			runOnlyForDeploymentPostprocessing = 0;
			shellPath = /bin/sh;
			shellScript = "\"${PODS_ROOT}/Target Support Files/Pods-FocusFoodie/Pods-FocusFoodie-frameworks.sh\"\n";
			showEnvVarsInLog = 0;
		};
		CCCFCA2ABB8F951F84F49049 /* [CP] Check Pods Manifest.lock */ = {
			isa = PBXShellScriptBuildPhase;
			buildActionMask = 2147483647;
			files = (
			);
			inputFileListPaths = (
			);
			inputPaths = (
				"${PODS_PODFILE_DIR_PATH}/Podfile.lock",
				"${PODS_ROOT}/Manifest.lock",
			);
			name = "[CP] Check Pods Manifest.lock";
			outputFileListPaths = (
			);
			outputPaths = (
				"$(DERIVED_FILE_DIR)/Pods-FocusFoodie-checkManifestLockResult.txt",
			);
			runOnlyForDeploymentPostprocessing = 0;
			shellPath = /bin/sh;
			shellScript = "diff \"${PODS_PODFILE_DIR_PATH}/Podfile.lock\" \"${PODS_ROOT}/Manifest.lock\" > /dev/null\nif [ $? != 0 ] ; then\n    # print error to STDERR\n    echo \"error: The sandbox is not in sync with the Podfile.lock. Run 'pod install' or update your CocoaPods installation.\" >&2\n    exit 1\nfi\n# This output is used by Xcode 'outputs' to avoid re-running this script phase.\necho \"SUCCESS\" > \"${SCRIPT_OUTPUT_FILE_0}\"\n";
			showEnvVarsInLog = 0;
		};
/* End PBXShellScriptBuildPhase section */

/* Begin PBXSourcesBuildPhase section */
		09524F6E271FF4A00061C36B /* Sources */ = {
			isa = PBXSourcesBuildPhase;
			buildActionMask = 2147483647;
			files = (
				09524FAD271FFEF00061C36B /* BaseViewController.swift in Sources */,
				09524FDD2720494A0061C36B /* Bundle+Extension.swift in Sources */,
				09C1C8202722BBE600D2C9B2 /* UILabel+Extension.swift in Sources */,
				09524FA4271FFE2D0061C36B /* TimerViewController.swift in Sources */,
				09524FEA272168E80061C36B /* DetailSelectionCell.swift in Sources */,
				09C1C7D62722935800D2C9B2 /* DetailImageTableViewCell.swift in Sources */,
				09C1C82B27240BC700D2C9B2 /* CalendarPickerFooterView.swift in Sources */,
				09524F9C271FFD390061C36B /* UICollectionView+Extension.swift in Sources */,
				09524FAE271FFEF00061C36B /* TabBarViewController.swift in Sources */,
				09524F7A271FF4A00061C36B /* ViewController.swift in Sources */,
				09C1C830272447D600D2C9B2 /* CollectionViewCell.swift in Sources */,
				09524F96271FFCC00061C36B /* UIView+Extension.swift in Sources */,
				09C1C7CE2722833000D2C9B2 /* UIColor+Extension.swift in Sources */,
				09C1C82D27240BFB00D2C9B2 /* CalendarPickerHeaderView.swift in Sources */,
				09524FD62720213B0061C36B /* RecordTableViewCell.swift in Sources */,
				09524FA6271FFE620061C36B /* RecordViewController.swift in Sources */,
				09C1C7DB27229D3D00D2C9B2 /* RecordManager.swift in Sources */,
				09524FAF271FFEF00061C36B /* BaseNavigationController.swift in Sources */,
				09C1C829272409C600D2C9B2 /* CalendarDateCollectionViewCell.swift in Sources */,
				09524FE027214F990061C36B /* DetailViewController.swift in Sources */,
				09524FF82721B3DC0061C36B /* CategoryView.swift in Sources */,
				09524FDB272025E10061C36B /* ProfileView.swift in Sources */,
				09524F76271FF4A00061C36B /* AppDelegate.swift in Sources */,
				09524F90271FFA000061C36B /* UIStoryboard+Extension.swift in Sources */,
				09C1C8242724024100D2C9B2 /* MonthMetaData.swift in Sources */,
				09524FB1272003480061C36B /* UIImage+Extension.swift in Sources */,
				09524FA8271FFEA70061C36B /* CommunityViewController.swift in Sources */,
				09C1C7DD2722AACB00D2C9B2 /* UIFont+Extension.swift in Sources */,
				09C1C7D12722903800D2C9B2 /* DetailNoteTableViewCell.swift in Sources */,
				09524FE6272164560061C36B /* CalendarPickerViewController.swift in Sources */,
				09524F78271FF4A00061C36B /* SceneDelegate.swift in Sources */,
				09524F94271FFCB00061C36B /* UIScreen+Extension.swift in Sources */,
				09524FE4272163B20061C36B /* Day.swift in Sources */,
				09C1C7D927229B9900D2C9B2 /* RecordContent.swift in Sources */,
				09524F98271FFCE70061C36B /* UITableView+Extension.swift in Sources */,
			);
			runOnlyForDeploymentPostprocessing = 0;
		};
/* End PBXSourcesBuildPhase section */

/* Begin PBXVariantGroup section */
		09524F7B271FF4A00061C36B /* Main.storyboard */ = {
			isa = PBXVariantGroup;
			children = (
				09524F7C271FF4A00061C36B /* Base */,
			);
			name = Main.storyboard;
			sourceTree = "<group>";
		};
		09524F80271FF4A10061C36B /* LaunchScreen.storyboard */ = {
			isa = PBXVariantGroup;
			children = (
				09524F81271FF4A10061C36B /* Base */,
			);
			name = LaunchScreen.storyboard;
			sourceTree = "<group>";
		};
		09524FF62721B2B80061C36B /* RecordTableViewCell.xib */ = {
			isa = PBXVariantGroup;
			children = (
				09524FF52721B2B80061C36B /* Base */,
			);
			name = RecordTableViewCell.xib;
			sourceTree = "<group>";
		};
/* End PBXVariantGroup section */

/* Begin XCBuildConfiguration section */
		09524F84271FF4A10061C36B /* Debug */ = {
			isa = XCBuildConfiguration;
			buildSettings = {
				ALWAYS_SEARCH_USER_PATHS = NO;
				CLANG_ANALYZER_NONNULL = YES;
				CLANG_ANALYZER_NUMBER_OBJECT_CONVERSION = YES_AGGRESSIVE;
				CLANG_CXX_LANGUAGE_STANDARD = "gnu++17";
				CLANG_CXX_LIBRARY = "libc++";
				CLANG_ENABLE_MODULES = YES;
				CLANG_ENABLE_OBJC_ARC = YES;
				CLANG_ENABLE_OBJC_WEAK = YES;
				CLANG_WARN_BLOCK_CAPTURE_AUTORELEASING = YES;
				CLANG_WARN_BOOL_CONVERSION = YES;
				CLANG_WARN_COMMA = YES;
				CLANG_WARN_CONSTANT_CONVERSION = YES;
				CLANG_WARN_DEPRECATED_OBJC_IMPLEMENTATIONS = YES;
				CLANG_WARN_DIRECT_OBJC_ISA_USAGE = YES_ERROR;
				CLANG_WARN_DOCUMENTATION_COMMENTS = YES;
				CLANG_WARN_EMPTY_BODY = YES;
				CLANG_WARN_ENUM_CONVERSION = YES;
				CLANG_WARN_INFINITE_RECURSION = YES;
				CLANG_WARN_INT_CONVERSION = YES;
				CLANG_WARN_NON_LITERAL_NULL_CONVERSION = YES;
				CLANG_WARN_OBJC_IMPLICIT_RETAIN_SELF = YES;
				CLANG_WARN_OBJC_LITERAL_CONVERSION = YES;
				CLANG_WARN_OBJC_ROOT_CLASS = YES_ERROR;
				CLANG_WARN_QUOTED_INCLUDE_IN_FRAMEWORK_HEADER = YES;
				CLANG_WARN_RANGE_LOOP_ANALYSIS = YES;
				CLANG_WARN_STRICT_PROTOTYPES = YES;
				CLANG_WARN_SUSPICIOUS_MOVE = YES;
				CLANG_WARN_UNGUARDED_AVAILABILITY = YES_AGGRESSIVE;
				CLANG_WARN_UNREACHABLE_CODE = YES;
				CLANG_WARN__DUPLICATE_METHOD_MATCH = YES;
				COPY_PHASE_STRIP = NO;
				DEBUG_INFORMATION_FORMAT = dwarf;
				ENABLE_BITCODE = YES;
				ENABLE_STRICT_OBJC_MSGSEND = YES;
				ENABLE_TESTABILITY = YES;
				"EXCLUDED_ARCHS[sdk=iphonesimulator*]" = arm64;
				GCC_C_LANGUAGE_STANDARD = gnu11;
				GCC_DYNAMIC_NO_PIC = NO;
				GCC_NO_COMMON_BLOCKS = YES;
				GCC_OPTIMIZATION_LEVEL = 0;
				GCC_PREPROCESSOR_DEFINITIONS = (
					"DEBUG=1",
					"$(inherited)",
				);
				GCC_WARN_64_TO_32_BIT_CONVERSION = YES;
				GCC_WARN_ABOUT_RETURN_TYPE = YES_ERROR;
				GCC_WARN_UNDECLARED_SELECTOR = YES;
				GCC_WARN_UNINITIALIZED_AUTOS = YES_AGGRESSIVE;
				GCC_WARN_UNUSED_FUNCTION = YES;
				GCC_WARN_UNUSED_VARIABLE = YES;
				IPHONEOS_DEPLOYMENT_TARGET = 15.0;
				MTL_ENABLE_DEBUG_INFO = INCLUDE_SOURCE;
				MTL_FAST_MATH = YES;
				ONLY_ACTIVE_ARCH = YES;
				SDKROOT = iphoneos;
				SWIFT_ACTIVE_COMPILATION_CONDITIONS = DEBUG;
				SWIFT_OPTIMIZATION_LEVEL = "-Onone";
			};
			name = Debug;
		};
		09524F85271FF4A10061C36B /* Release */ = {
			isa = XCBuildConfiguration;
			buildSettings = {
				ALWAYS_SEARCH_USER_PATHS = NO;
				CLANG_ANALYZER_NONNULL = YES;
				CLANG_ANALYZER_NUMBER_OBJECT_CONVERSION = YES_AGGRESSIVE;
				CLANG_CXX_LANGUAGE_STANDARD = "gnu++17";
				CLANG_CXX_LIBRARY = "libc++";
				CLANG_ENABLE_MODULES = YES;
				CLANG_ENABLE_OBJC_ARC = YES;
				CLANG_ENABLE_OBJC_WEAK = YES;
				CLANG_WARN_BLOCK_CAPTURE_AUTORELEASING = YES;
				CLANG_WARN_BOOL_CONVERSION = YES;
				CLANG_WARN_COMMA = YES;
				CLANG_WARN_CONSTANT_CONVERSION = YES;
				CLANG_WARN_DEPRECATED_OBJC_IMPLEMENTATIONS = YES;
				CLANG_WARN_DIRECT_OBJC_ISA_USAGE = YES_ERROR;
				CLANG_WARN_DOCUMENTATION_COMMENTS = YES;
				CLANG_WARN_EMPTY_BODY = YES;
				CLANG_WARN_ENUM_CONVERSION = YES;
				CLANG_WARN_INFINITE_RECURSION = YES;
				CLANG_WARN_INT_CONVERSION = YES;
				CLANG_WARN_NON_LITERAL_NULL_CONVERSION = YES;
				CLANG_WARN_OBJC_IMPLICIT_RETAIN_SELF = YES;
				CLANG_WARN_OBJC_LITERAL_CONVERSION = YES;
				CLANG_WARN_OBJC_ROOT_CLASS = YES_ERROR;
				CLANG_WARN_QUOTED_INCLUDE_IN_FRAMEWORK_HEADER = YES;
				CLANG_WARN_RANGE_LOOP_ANALYSIS = YES;
				CLANG_WARN_STRICT_PROTOTYPES = YES;
				CLANG_WARN_SUSPICIOUS_MOVE = YES;
				CLANG_WARN_UNGUARDED_AVAILABILITY = YES_AGGRESSIVE;
				CLANG_WARN_UNREACHABLE_CODE = YES;
				CLANG_WARN__DUPLICATE_METHOD_MATCH = YES;
				COPY_PHASE_STRIP = NO;
				DEBUG_INFORMATION_FORMAT = "dwarf-with-dsym";
				ENABLE_BITCODE = YES;
				ENABLE_NS_ASSERTIONS = NO;
				ENABLE_STRICT_OBJC_MSGSEND = YES;
				GCC_C_LANGUAGE_STANDARD = gnu11;
				GCC_NO_COMMON_BLOCKS = YES;
				GCC_WARN_64_TO_32_BIT_CONVERSION = YES;
				GCC_WARN_ABOUT_RETURN_TYPE = YES_ERROR;
				GCC_WARN_UNDECLARED_SELECTOR = YES;
				GCC_WARN_UNINITIALIZED_AUTOS = YES_AGGRESSIVE;
				GCC_WARN_UNUSED_FUNCTION = YES;
				GCC_WARN_UNUSED_VARIABLE = YES;
				IPHONEOS_DEPLOYMENT_TARGET = 15.0;
				MTL_ENABLE_DEBUG_INFO = NO;
				MTL_FAST_MATH = YES;
				SDKROOT = iphoneos;
				SWIFT_COMPILATION_MODE = wholemodule;
				SWIFT_OPTIMIZATION_LEVEL = "-O";
				VALIDATE_PRODUCT = YES;
			};
			name = Release;
		};
		09524F87271FF4A10061C36B /* Debug */ = {
			isa = XCBuildConfiguration;
			baseConfigurationReference = 290B1C7432FC0558604112FB /* Pods-FocusFoodie.debug.xcconfig */;
			buildSettings = {
				ASSETCATALOG_COMPILER_APPICON_NAME = AppIcon;
				ASSETCATALOG_COMPILER_GLOBAL_ACCENT_COLOR_NAME = AccentColor;
				CODE_SIGN_STYLE = Automatic;
				CURRENT_PROJECT_VERSION = 1;
				DEVELOPMENT_TEAM = WK4Z34T3L8;
				"EXCLUDED_ARCHS[sdk=iphonesimulator*]" = arm64;
				GENERATE_INFOPLIST_FILE = YES;
				INFOPLIST_FILE = FocusFoodie/Info.plist;
				INFOPLIST_KEY_UIApplicationSupportsIndirectInputEvents = YES;
				INFOPLIST_KEY_UILaunchStoryboardName = LaunchScreen;
				INFOPLIST_KEY_UIMainStoryboardFile = Main;
				INFOPLIST_KEY_UISupportedInterfaceOrientations_iPad = "UIInterfaceOrientationPortrait UIInterfaceOrientationPortraitUpsideDown UIInterfaceOrientationLandscapeLeft UIInterfaceOrientationLandscapeRight";
				INFOPLIST_KEY_UISupportedInterfaceOrientations_iPhone = "UIInterfaceOrientationPortrait UIInterfaceOrientationLandscapeLeft UIInterfaceOrientationLandscapeRight";
				LD_RUNPATH_SEARCH_PATHS = (
					"$(inherited)",
					"@executable_path/Frameworks",
				);
				MARKETING_VERSION = 1.0;
				PRODUCT_BUNDLE_IDENTIFIER = com.allie.FocusFoodie;
				PRODUCT_NAME = "$(TARGET_NAME)";
				SWIFT_EMIT_LOC_STRINGS = YES;
				SWIFT_VERSION = 5.0;
				TARGETED_DEVICE_FAMILY = "1,2";
			};
			name = Debug;
		};
		09524F88271FF4A10061C36B /* Release */ = {
			isa = XCBuildConfiguration;
			baseConfigurationReference = 393F58596B0720378D428E8F /* Pods-FocusFoodie.release.xcconfig */;
			buildSettings = {
				ASSETCATALOG_COMPILER_APPICON_NAME = AppIcon;
				ASSETCATALOG_COMPILER_GLOBAL_ACCENT_COLOR_NAME = AccentColor;
				CODE_SIGN_STYLE = Automatic;
				CURRENT_PROJECT_VERSION = 1;
				DEVELOPMENT_TEAM = WK4Z34T3L8;
				GENERATE_INFOPLIST_FILE = YES;
				INFOPLIST_FILE = FocusFoodie/Info.plist;
				INFOPLIST_KEY_UIApplicationSupportsIndirectInputEvents = YES;
				INFOPLIST_KEY_UILaunchStoryboardName = LaunchScreen;
				INFOPLIST_KEY_UIMainStoryboardFile = Main;
				INFOPLIST_KEY_UISupportedInterfaceOrientations_iPad = "UIInterfaceOrientationPortrait UIInterfaceOrientationPortraitUpsideDown UIInterfaceOrientationLandscapeLeft UIInterfaceOrientationLandscapeRight";
				INFOPLIST_KEY_UISupportedInterfaceOrientations_iPhone = "UIInterfaceOrientationPortrait UIInterfaceOrientationLandscapeLeft UIInterfaceOrientationLandscapeRight";
				LD_RUNPATH_SEARCH_PATHS = (
					"$(inherited)",
					"@executable_path/Frameworks",
				);
				MARKETING_VERSION = 1.0;
				PRODUCT_BUNDLE_IDENTIFIER = com.allie.FocusFoodie;
				PRODUCT_NAME = "$(TARGET_NAME)";
				SWIFT_EMIT_LOC_STRINGS = YES;
				SWIFT_VERSION = 5.0;
				TARGETED_DEVICE_FAMILY = "1,2";
			};
			name = Release;
		};
/* End XCBuildConfiguration section */

/* Begin XCConfigurationList section */
		09524F6D271FF4A00061C36B /* Build configuration list for PBXProject "FocusFoodie" */ = {
			isa = XCConfigurationList;
			buildConfigurations = (
				09524F84271FF4A10061C36B /* Debug */,
				09524F85271FF4A10061C36B /* Release */,
			);
			defaultConfigurationIsVisible = 0;
			defaultConfigurationName = Release;
		};
		09524F86271FF4A10061C36B /* Build configuration list for PBXNativeTarget "FocusFoodie" */ = {
			isa = XCConfigurationList;
			buildConfigurations = (
				09524F87271FF4A10061C36B /* Debug */,
				09524F88271FF4A10061C36B /* Release */,
			);
			defaultConfigurationIsVisible = 0;
			defaultConfigurationName = Release;
		};
/* End XCConfigurationList section */
	};
	rootObject = 09524F6A271FF4A00061C36B /* Project object */;
}
